
Microsoft Visual Studio Solution File, Format Version 12.00
# Visual Studio 15
VisualStudioVersion = 15.0.27703.2042
MinimumVisualStudioVersion = 10.0.40219.1
Project("{FAE04EC0-301F-11D3-BF4B-00C04F79EFBC}") = "theory", "theory\theory.csproj", "{0D9C52F0-9ADB-4CD7-B77C-3E90BAE62094}"
EndProject
Project("{FAE04EC0-301F-11D3-BF4B-00C04F79EFBC}") = "HabrHabr", "HabrHabr\HabrHabr.csproj", "{4F48D74B-C3F6-43EB-ABF5-0C33235F6765}"
EndProject
Project("{FAE04EC0-301F-11D3-BF4B-00C04F79EFBC}") = "StudentClass", "StudentClass\StudentClass.csproj", "{1E3A4A3C-5BBD-4822-874D-4FB9D3056F93}"
EndProject
Global
	GlobalSection(SolutionConfigurationPlatforms) = preSolution
		Debug|Any CPU = Debug|Any CPU
		Release|Any CPU = Release|Any CPU
	EndGlobalSection
	GlobalSection(ProjectConfigurationPlatforms) = postSolution
		{0D9C52F0-9ADB-4CD7-B77C-3E90BAE62094}.Debug|Any CPU.ActiveCfg = Debug|Any CPU
		{0D9C52F0-9ADB-4CD7-B77C-3E90BAE62094}.Debug|Any CPU.Build.0 = Debug|Any CPU
		{0D9C52F0-9ADB-4CD7-B77C-3E90BAE62094}.Release|Any CPU.ActiveCfg = Release|Any CPU
		{0D9C52F0-9ADB-4CD7-B77C-3E90BAE62094}.Release|Any CPU.Build.0 = Release|Any CPU
		{4F48D74B-C3F6-43EB-ABF5-0C33235F6765}.Debug|Any CPU.ActiveCfg = Debug|Any CPU
		{4F48D74B-C3F6-43EB-ABF5-0C33235F6765}.Debug|Any CPU.Build.0 = Debug|Any CPU
		{4F48D74B-C3F6-43EB-ABF5-0C33235F6765}.Release|Any CPU.ActiveCfg = Release|Any CPU
		{4F48D74B-C3F6-43EB-ABF5-0C33235F6765}.Release|Any CPU.Build.0 = Release|Any CPU
		{1E3A4A3C-5BBD-4822-874D-4FB9D3056F93}.Debug|Any CPU.ActiveCfg = Debug|Any CPU
		{1E3A4A3C-5BBD-4822-874D-4FB9D3056F93}.Debug|Any CPU.Build.0 = Debug|Any CPU
		{1E3A4A3C-5BBD-4822-874D-4FB9D3056F93}.Release|Any CPU.ActiveCfg = Release|Any CPU
		{1E3A4A3C-5BBD-4822-874D-4FB9D3056F93}.Release|Any CPU.Build.0 = Release|Any CPU
	EndGlobalSection
	GlobalSection(SolutionProperties) = preSolution
		HideSolutionNode = FALSE
	EndGlobalSection
	GlobalSection(ExtensibilityGlobals) = postSolution
		SolutionGuid = {C25972B2-34DF-4B2A-97F7-4EDC32794E06}
	EndGlobalSection
EndGlobal
